Microsoft Visual Studio Solution File, Format Version 8.00
Project("{8BC9CEB8-8B4A-11D0-8D11-00A0C91BC942}") = "netexemple", "netexemple.vcproj", "{7A3C0A8D-88F7-4547-9A6E-D02BB75AAD7D}"
	ProjectSection(ProjectDependencies) = postProject
	EndProjectSection
EndProject
Global
	GlobalSection(SolutionConfiguration) = preSolution
		Debug = Debug
		Release = Release
	EndGlobalSection
	GlobalSection(ProjectConfiguration) = postSolution
		{7A3C0A8D-88F7-4547-9A6E-D02BB75AAD7D}.Debug.ActiveCfg = Debug|Win32
		{7A3C0A8D-88F7-4547-9A6E-D02BB75AAD7D}.Debug.Build.0 = Debug|Win32
		{7A3C0A8D-88F7-4547-9A6E-D02BB75AAD7D}.Release.ActiveCfg = Release|Win32
		{7A3C0A8D-88F7-4547-9A6E-D02BB75AAD7D}.Release.Build.0 = Release|Win32
	EndGlobalSection
	GlobalSection(ExtensibilityGlobals) = postSolution
	EndGlobalSection
	GlobalSection(ExtensibilityAddIns) = postSolution
	EndGlobalSection
EndGlobal
